
Microsoft Visual Studio Solution File, Format Version 12.00
# Visual Studio Version 17
VisualStudioVersion = 17.1.32421.90
MinimumVisualStudioVersion = 10.0.40219.1
Project("{9A19103F-16F7-4668-BE54-9A1E7A4F7556}") = "WpfApp2", "WpfApp2\WpfApp2.csproj", "{0F9FB3D5-2216-4F70-A293-E4D7D80F33DF}"
EndProject
Project("{FAE04EC0-301F-11D3-BF4B-00C04F79EFBC}") = "Server", "Server\Server.csproj", "{FA408758-6BB3-4C8A-9A29-E138280477B3}"
EndProject
Global
	GlobalSection(SolutionConfigurationPlatforms) = preSolution
		Debug|Any CPU = Debug|Any CPU
		Release|Any CPU = Release|Any CPU
	EndGlobalSection
	GlobalSection(ProjectConfigurationPlatforms) = postSolution
		{0F9FB3D5-2216-4F70-A293-E4D7D80F33DF}.Debug|Any CPU.ActiveCfg = Debug|Any CPU
		{0F9FB3D5-2216-4F70-A293-E4D7D80F33DF}.Debug|Any CPU.Build.0 = Debug|Any CPU
		{0F9FB3D5-2216-4F70-A293-E4D7D80F33DF}.Release|Any CPU.ActiveCfg = Release|Any CPU
		{0F9FB3D5-2216-4F70-A293-E4D7D80F33DF}.Release|Any CPU.Build.0 = Release|Any CPU
		{FA408758-6BB3-4C8A-9A29-E138280477B3}.Debug|Any CPU.ActiveCfg = Debug|Any CPU
		{FA408758-6BB3-4C8A-9A29-E138280477B3}.Debug|Any CPU.Build.0 = Debug|Any CPU
		{FA408758-6BB3-4C8A-9A29-E138280477B3}.Release|Any CPU.ActiveCfg = Release|Any CPU
		{FA408758-6BB3-4C8A-9A29-E138280477B3}.Release|Any CPU.Build.0 = Release|Any CPU
	EndGlobalSection
	GlobalSection(SolutionProperties) = preSolution
		HideSolutionNode = FALSE
	EndGlobalSection
	GlobalSection(ExtensibilityGlobals) = postSolution
		SolutionGuid = {23307568-F7E1-46C1-B532-A954DC01D48E}
	EndGlobalSection
EndGlobal
